
Microsoft Visual Studio Solution File, Format Version 12.00
# Visual Studio 2012
Project("{FAE04EC0-301F-11D3-BF4B-00C04F79EFBC}") = "SignalRChat", "SignalRChat\SignalRChat.csproj", "{EBEDFFFC-1AC5-4664-B0A0-1359D8D05677}"
EndProject
Project("{FAE04EC0-301F-11D3-BF4B-00C04F79EFBC}") = "SignalRChat.Command", "SignalRChat.Command\SignalRChat.Command.csproj", "{73D519F5-A38A-4D52-9978-606F5D794585}"
EndProject
Project("{2150E333-8FDC-42A3-9474-1A3956D46DE8}") = ".nuget", ".nuget", "{17E3EF3C-C8D2-4AA3-8CEA-4361D7C89A0C}"
	ProjectSection(SolutionItems) = preProject
		.nuget\NuGet.Config = .nuget\NuGet.Config
		.nuget\NuGet.exe = .nuget\NuGet.exe
		.nuget\NuGet.targets = .nuget\NuGet.targets
	EndProjectSection
EndProject
Project("{FAE04EC0-301F-11D3-BF4B-00C04F79EFBC}") = "NLog.SignalR", "NLog.SignalR\NLog.SignalR.csproj", "{20F15B72-0101-4A33-B8DA-5B47158DF853}"
EndProject
Global
	GlobalSection(SolutionConfigurationPlatforms) = preSolution
		Debug|Any CPU = Debug|Any CPU
		Release|Any CPU = Release|Any CPU
	EndGlobalSection
	GlobalSection(ProjectConfigurationPlatforms) = postSolution
		{EBEDFFFC-1AC5-4664-B0A0-1359D8D05677}.Debug|Any CPU.ActiveCfg = Debug|Any CPU
		{EBEDFFFC-1AC5-4664-B0A0-1359D8D05677}.Debug|Any CPU.Build.0 = Debug|Any CPU
		{EBEDFFFC-1AC5-4664-B0A0-1359D8D05677}.Release|Any CPU.ActiveCfg = Release|Any CPU
		{EBEDFFFC-1AC5-4664-B0A0-1359D8D05677}.Release|Any CPU.Build.0 = Release|Any CPU
		{73D519F5-A38A-4D52-9978-606F5D794585}.Debug|Any CPU.ActiveCfg = Debug|Any CPU
		{73D519F5-A38A-4D52-9978-606F5D794585}.Debug|Any CPU.Build.0 = Debug|Any CPU
		{73D519F5-A38A-4D52-9978-606F5D794585}.Release|Any CPU.ActiveCfg = Release|Any CPU
		{73D519F5-A38A-4D52-9978-606F5D794585}.Release|Any CPU.Build.0 = Release|Any CPU
		{20F15B72-0101-4A33-B8DA-5B47158DF853}.Debug|Any CPU.ActiveCfg = Debug|Any CPU
		{20F15B72-0101-4A33-B8DA-5B47158DF853}.Debug|Any CPU.Build.0 = Debug|Any CPU
		{20F15B72-0101-4A33-B8DA-5B47158DF853}.Release|Any CPU.ActiveCfg = Release|Any CPU
		{20F15B72-0101-4A33-B8DA-5B47158DF853}.Release|Any CPU.Build.0 = Release|Any CPU
	EndGlobalSection
	GlobalSection(SolutionProperties) = preSolution
		HideSolutionNode = FALSE
	EndGlobalSection
EndGlobal
